
Microsoft Visual Studio Solution File, Format Version 12.00
# Visual Studio Version 17
VisualStudioVersion = 17.10.34814.14
MinimumVisualStudioVersion = 10.0.40219.1
Project("{FAE04EC0-301F-11D3-BF4B-00C04F79EFBC}") = "Calculator", "Calculator.csproj", "{E588241E-1A44-4C52-A155-8D567F90FB52}"
EndProject
Global
	GlobalSection(SolutionConfigurationPlatforms) = preSolution
		Debug|Any CPU = Debug|Any CPU
		Release|Any CPU = Release|Any CPU
	EndGlobalSection
	GlobalSection(ProjectConfigurationPlatforms) = postSolution
		{E588241E-1A44-4C52-A155-8D567F90FB52}.Debug|Any CPU.ActiveCfg = Debug|Any CPU
		{E588241E-1A44-4C52-A155-8D567F90FB52}.Debug|Any CPU.Build.0 = Debug|Any CPU
		{E588241E-1A44-4C52-A155-8D567F90FB52}.Debug|Any CPU.Deploy.0 = Debug|Any CPU
		{E588241E-1A44-4C52-A155-8D567F90FB52}.Release|Any CPU.ActiveCfg = Release|Any CPU
		{E588241E-1A44-4C52-A155-8D567F90FB52}.Release|Any CPU.Build.0 = Release|Any CPU
		{E588241E-1A44-4C52-A155-8D567F90FB52}.Release|Any CPU.Deploy.0 = Release|Any CPU
	EndGlobalSection
	GlobalSection(SolutionProperties) = preSolution
		HideSolutionNode = FALSE
	EndGlobalSection
	GlobalSection(ExtensibilityGlobals) = postSolution
		SolutionGuid = {88D12A41-F890-4CBD-9BED-FB8B70297BDB}
	EndGlobalSection
EndGlobal
